// !$*UTF8*$!
{
	archiveVersion = 1;
	classes = {
	};
	objectVersion = 50;
	objects = {

/* Begin PBXBuildFile section */
		3F6737222697228000E772F2 /* SearchViewController.storyboard in Resources */ = {isa = PBXBuildFile; fileRef = 3F6737212697228000E772F2 /* SearchViewController.storyboard */; };
		3F6737242697229700E772F2 /* SearchViewController.swift in Sources */ = {isa = PBXBuildFile; fileRef = 3F6737232697229700E772F2 /* SearchViewController.swift */; };
		DC1EC52A2697131A006B52CC /* AppDelegate.swift in Sources */ = {isa = PBXBuildFile; fileRef = DC1EC5292697131A006B52CC /* AppDelegate.swift */; };
		DC1EC52C2697131A006B52CC /* SceneDelegate.swift in Sources */ = {isa = PBXBuildFile; fileRef = DC1EC52B2697131A006B52CC /* SceneDelegate.swift */; };
		DC1EC5342697131A006B52CC /* GroceryStore.xcdatamodeld in Sources */ = {isa = PBXBuildFile; fileRef = DC1EC5322697131A006B52CC /* GroceryStore.xcdatamodeld */; };
		DC1EC5362697131C006B52CC /* Assets.xcassets in Resources */ = {isa = PBXBuildFile; fileRef = DC1EC5352697131C006B52CC /* Assets.xcassets */; };
		DC1EC5392697131C006B52CC /* LaunchScreen.storyboard in Resources */ = {isa = PBXBuildFile; fileRef = DC1EC5372697131C006B52CC /* LaunchScreen.storyboard */; };
		DC1EC5492697148C006B52CC /* Storyboarded.swift in Sources */ = {isa = PBXBuildFile; fileRef = DC1EC5452697148B006B52CC /* Storyboarded.swift */; };
		DC1EC54A2697148C006B52CC /* CoordinatorProtocol.swift in Sources */ = {isa = PBXBuildFile; fileRef = DC1EC5462697148C006B52CC /* CoordinatorProtocol.swift */; };
		DC1EC54B2697148C006B52CC /* AppCoordinator.swift in Sources */ = {isa = PBXBuildFile; fileRef = DC1EC5472697148C006B52CC /* AppCoordinator.swift */; };
		DC1EC54C2697148C006B52CC /* CoordinatorDelegate.swift in Sources */ = {isa = PBXBuildFile; fileRef = DC1EC5482697148C006B52CC /* CoordinatorDelegate.swift */; };
		DC1EC551269714B2006B52CC /* UICollectionView+Extension.swift in Sources */ = {isa = PBXBuildFile; fileRef = DC1EC54D269714B2006B52CC /* UICollectionView+Extension.swift */; };
		DC1EC552269714B2006B52CC /* UITableViewCell+Extension.swift in Sources */ = {isa = PBXBuildFile; fileRef = DC1EC54E269714B2006B52CC /* UITableViewCell+Extension.swift */; };
		DC1EC553269714B2006B52CC /* UICollectionViewCell+Extension.swift in Sources */ = {isa = PBXBuildFile; fileRef = DC1EC54F269714B2006B52CC /* UICollectionViewCell+Extension.swift */; };
		DC1EC554269714B2006B52CC /* UITableView+Extension.swift in Sources */ = {isa = PBXBuildFile; fileRef = DC1EC550269714B2006B52CC /* UITableView+Extension.swift */; };
		DC1EC556269714D1006B52CC /* NetworkManager.swift in Sources */ = {isa = PBXBuildFile; fileRef = DC1EC555269714D1006B52CC /* NetworkManager.swift */; };
		DC1EC55B26971516006B52CC /* BaseViewController.swift in Sources */ = {isa = PBXBuildFile; fileRef = DC1EC55A26971516006B52CC /* BaseViewController.swift */; };
		DC1EC55F26971553006B52CC /* MainViewController.swift in Sources */ = {isa = PBXBuildFile; fileRef = DC1EC55E26971553006B52CC /* MainViewController.swift */; };
		DC1EC56226971595006B52CC /* MainViewController.storyboard in Resources */ = {isa = PBXBuildFile; fileRef = DC1EC56126971595006B52CC /* MainViewController.storyboard */; };
/* End PBXBuildFile section */

/* Begin PBXFileReference section */
		3F6737212697228000E772F2 /* SearchViewController.storyboard */ = {isa = PBXFileReference; lastKnownFileType = file.storyboard; path = SearchViewController.storyboard; sourceTree = "<group>"; };
		3F6737232697229700E772F2 /* SearchViewController.swift */ = {isa = PBXFileReference; lastKnownFileType = sourcecode.swift; path = SearchViewController.swift; sourceTree = "<group>"; };
		DC1EC5262697131A006B52CC /* GroceryStore.app */ = {isa = PBXFileReference; explicitFileType = wrapper.application; includeInIndex = 0; path = GroceryStore.app; sourceTree = BUILT_PRODUCTS_DIR; };
		DC1EC5292697131A006B52CC /* AppDelegate.swift */ = {isa = PBXFileReference; lastKnownFileType = sourcecode.swift; path = AppDelegate.swift; sourceTree = "<group>"; };
		DC1EC52B2697131A006B52CC /* SceneDelegate.swift */ = {isa = PBXFileReference; lastKnownFileType = sourcecode.swift; path = SceneDelegate.swift; sourceTree = "<group>"; };
		DC1EC5332697131A006B52CC /* GroceryStore.xcdatamodel */ = {isa = PBXFileReference; lastKnownFileType = wrapper.xcdatamodel; path = GroceryStore.xcdatamodel; sourceTree = "<group>"; };
		DC1EC5352697131C006B52CC /* Assets.xcassets */ = {isa = PBXFileReference; lastKnownFileType = folder.assetcatalog; path = Assets.xcassets; sourceTree = "<group>"; };
		DC1EC5382697131C006B52CC /* Base */ = {isa = PBXFileReference; lastKnownFileType = file.storyboard; name = Base; path = Base.lproj/LaunchScreen.storyboard; sourceTree = "<group>"; };
		DC1EC53A2697131C006B52CC /* Info.plist */ = {isa = PBXFileReference; lastKnownFileType = text.plist.xml; path = Info.plist; sourceTree = "<group>"; };
		DC1EC5452697148B006B52CC /* Storyboarded.swift */ = {isa = PBXFileReference; fileEncoding = 4; lastKnownFileType = sourcecode.swift; path = Storyboarded.swift; sourceTree = "<group>"; };
		DC1EC5462697148C006B52CC /* CoordinatorProtocol.swift */ = {isa = PBXFileReference; fileEncoding = 4; lastKnownFileType = sourcecode.swift; path = CoordinatorProtocol.swift; sourceTree = "<group>"; };
		DC1EC5472697148C006B52CC /* AppCoordinator.swift */ = {isa = PBXFileReference; fileEncoding = 4; lastKnownFileType = sourcecode.swift; path = AppCoordinator.swift; sourceTree = "<group>"; };
		DC1EC5482697148C006B52CC /* CoordinatorDelegate.swift */ = {isa = PBXFileReference; fileEncoding = 4; lastKnownFileType = sourcecode.swift; path = CoordinatorDelegate.swift; sourceTree = "<group>"; };
		DC1EC54D269714B2006B52CC /* UICollectionView+Extension.swift */ = {isa = PBXFileReference; fileEncoding = 4; lastKnownFileType = sourcecode.swift; path = "UICollectionView+Extension.swift"; sourceTree = "<group>"; };
		DC1EC54E269714B2006B52CC /* UITableViewCell+Extension.swift */ = {isa = PBXFileReference; fileEncoding = 4; lastKnownFileType = sourcecode.swift; path = "UITableViewCell+Extension.swift"; sourceTree = "<group>"; };
		DC1EC54F269714B2006B52CC /* UICollectionViewCell+Extension.swift */ = {isa = PBXFileReference; fileEncoding = 4; lastKnownFileType = sourcecode.swift; path = "UICollectionViewCell+Extension.swift"; sourceTree = "<group>"; };
		DC1EC550269714B2006B52CC /* UITableView+Extension.swift */ = {isa = PBXFileReference; fileEncoding = 4; lastKnownFileType = sourcecode.swift; path = "UITableView+Extension.swift"; sourceTree = "<group>"; };
		DC1EC555269714D1006B52CC /* NetworkManager.swift */ = {isa = PBXFileReference; fileEncoding = 4; lastKnownFileType = sourcecode.swift; path = NetworkManager.swift; sourceTree = "<group>"; };
		DC1EC55A26971516006B52CC /* BaseViewController.swift */ = {isa = PBXFileReference; fileEncoding = 4; lastKnownFileType = sourcecode.swift; path = BaseViewController.swift; sourceTree = "<group>"; };
		DC1EC55E26971553006B52CC /* MainViewController.swift */ = {isa = PBXFileReference; fileEncoding = 4; lastKnownFileType = sourcecode.swift; path = MainViewController.swift; sourceTree = "<group>"; };
		DC1EC56126971595006B52CC /* MainViewController.storyboard */ = {isa = PBXFileReference; fileEncoding = 4; lastKnownFileType = file.storyboard; path = MainViewController.storyboard; sourceTree = "<group>"; };
/* End PBXFileReference section */

/* Begin PBXFrameworksBuildPhase section */
		DC1EC5232697131A006B52CC /* Frameworks */ = {
			isa = PBXFrameworksBuildPhase;
			buildActionMask = 2147483647;
			files = (
			);
			runOnlyForDeploymentPostprocessing = 0;
		};
/* End PBXFrameworksBuildPhase section */

/* Begin PBXGroup section */
		3F6737202697225B00E772F2 /* Search */ = {
			isa = PBXGroup;
			children = (
				3F6737212697228000E772F2 /* SearchViewController.storyboard */,
				3F6737232697229700E772F2 /* SearchViewController.swift */,
			);
			path = Search;
			sourceTree = "<group>";
		};
		DC1EC51D2697131A006B52CC = {
			isa = PBXGroup;
			children = (
				DC1EC5282697131A006B52CC /* GroceryStore */,
				DC1EC5272697131A006B52CC /* Products */,
			);
			sourceTree = "<group>";
		};
		DC1EC5272697131A006B52CC /* Products */ = {
			isa = PBXGroup;
			children = (
				DC1EC5262697131A006B52CC /* GroceryStore.app */,
			);
			name = Products;
			sourceTree = "<group>";
		};
		DC1EC5282697131A006B52CC /* GroceryStore */ = {
			isa = PBXGroup;
			children = (
				DC1EC557269714F0006B52CC /* Presentation */,
				DC1EC54126971452006B52CC /* Infrastructure */,
				DC1EC54026971441006B52CC /* App */,
				DC1EC563269715D5006B52CC /* Resources */,
				DC1EC564269715E2006B52CC /* Supporting Files */,
				DC1EC5322697131A006B52CC /* GroceryStore.xcdatamodeld */,
			);
			path = GroceryStore;
			sourceTree = "<group>";
		};
		DC1EC54026971441006B52CC /* App */ = {
			isa = PBXGroup;
			children = (
				DC1EC5292697131A006B52CC /* AppDelegate.swift */,
				DC1EC52B2697131A006B52CC /* SceneDelegate.swift */,
			);
			path = App;
			sourceTree = "<group>";
		};
		DC1EC54126971452006B52CC /* Infrastructure */ = {
			isa = PBXGroup;
			children = (
				DC1EC54426971477006B52CC /* Managers */,
				DC1EC5432697146C006B52CC /* Extensions */,
				DC1EC5422697145B006B52CC /* Coordinator */,
			);
			path = Infrastructure;
			sourceTree = "<group>";
		};
		DC1EC5422697145B006B52CC /* Coordinator */ = {
			isa = PBXGroup;
			children = (
				DC1EC5472697148C006B52CC /* AppCoordinator.swift */,
				DC1EC5482697148C006B52CC /* CoordinatorDelegate.swift */,
				DC1EC5462697148C006B52CC /* CoordinatorProtocol.swift */,
				DC1EC5452697148B006B52CC /* Storyboarded.swift */,
			);
			path = Coordinator;
			sourceTree = "<group>";
		};
		DC1EC5432697146C006B52CC /* Extensions */ = {
			isa = PBXGroup;
			children = (
				DC1EC54D269714B2006B52CC /* UICollectionView+Extension.swift */,
				DC1EC54F269714B2006B52CC /* UICollectionViewCell+Extension.swift */,
				DC1EC550269714B2006B52CC /* UITableView+Extension.swift */,
				DC1EC54E269714B2006B52CC /* UITableViewCell+Extension.swift */,
			);
			path = Extensions;
			sourceTree = "<group>";
		};
		DC1EC54426971477006B52CC /* Managers */ = {
			isa = PBXGroup;
			children = (
				DC1EC555269714D1006B52CC /* NetworkManager.swift */,
			);
			path = Managers;
			sourceTree = "<group>";
		};
		DC1EC557269714F0006B52CC /* Presentation */ = {
			isa = PBXGroup;
			children = (
				DC1EC558269714F7006B52CC /* Scenes */,
			);
			path = Presentation;
			sourceTree = "<group>";
		};
		DC1EC558269714F7006B52CC /* Scenes */ = {
			isa = PBXGroup;
			children = (
				3F6737202697225B00E772F2 /* Search */,
				DC1EC55D2697153D006B52CC /* Main */,
				DC1EC55926971503006B52CC /* Base */,
			);
			path = Scenes;
			sourceTree = "<group>";
		};
		DC1EC55926971503006B52CC /* Base */ = {
			isa = PBXGroup;
			children = (
				DC1EC55A26971516006B52CC /* BaseViewController.swift */,
			);
			path = Base;
			sourceTree = "<group>";
		};
		DC1EC55D2697153D006B52CC /* Main */ = {
			isa = PBXGroup;
			children = (
				DC1EC5602697155B006B52CC /* Base */,
				DC1EC55E26971553006B52CC /* MainViewController.swift */,
			);
			path = Main;
			sourceTree = "<group>";
		};
		DC1EC5602697155B006B52CC /* Base */ = {
			isa = PBXGroup;
			children = (
				DC1EC56126971595006B52CC /* MainViewController.storyboard */,
			);
			path = Base;
			sourceTree = "<group>";
		};
		DC1EC563269715D5006B52CC /* Resources */ = {
			isa = PBXGroup;
			children = (
				DC1EC5352697131C006B52CC /* Assets.xcassets */,
			);
			path = Resources;
			sourceTree = "<group>";
		};
		DC1EC564269715E2006B52CC /* Supporting Files */ = {
			isa = PBXGroup;
			children = (
				DC1EC5372697131C006B52CC /* LaunchScreen.storyboard */,
				DC1EC53A2697131C006B52CC /* Info.plist */,
			);
			path = "Supporting Files";
			sourceTree = "<group>";
		};
/* End PBXGroup section */

/* Begin PBXNativeTarget section */
		DC1EC5252697131A006B52CC /* GroceryStore */ = {
			isa = PBXNativeTarget;
			buildConfigurationList = DC1EC53D2697131C006B52CC /* Build configuration list for PBXNativeTarget "GroceryStore" */;
			buildPhases = (
				DC1EC5222697131A006B52CC /* Sources */,
				DC1EC5232697131A006B52CC /* Frameworks */,
				DC1EC5242697131A006B52CC /* Resources */,
			);
			buildRules = (
			);
			dependencies = (
			);
			name = GroceryStore;
			productName = GroceryStore;
			productReference = DC1EC5262697131A006B52CC /* GroceryStore.app */;
			productType = "com.apple.product-type.application";
		};
/* End PBXNativeTarget section */

/* Begin PBXProject section */
		DC1EC51E2697131A006B52CC /* Project object */ = {
			isa = PBXProject;
			attributes = {
				LastSwiftUpdateCheck = 1250;
				LastUpgradeCheck = 1250;
				TargetAttributes = {
					DC1EC5252697131A006B52CC = {
						CreatedOnToolsVersion = 12.5.1;
					};
				};
			};
			buildConfigurationList = DC1EC5212697131A006B52CC /* Build configuration list for PBXProject "GroceryStore" */;
			compatibilityVersion = "Xcode 9.3";
			developmentRegion = en;
			hasScannedForEncodings = 0;
			knownRegions = (
				en,
				Base,
			);
			mainGroup = DC1EC51D2697131A006B52CC;
			productRefGroup = DC1EC5272697131A006B52CC /* Products */;
			projectDirPath = "";
			projectRoot = "";
			targets = (
				DC1EC5252697131A006B52CC /* GroceryStore */,
			);
		};
/* End PBXProject section */

/* Begin PBXResourcesBuildPhase section */
		DC1EC5242697131A006B52CC /* Resources */ = {
			isa = PBXResourcesBuildPhase;
			buildActionMask = 2147483647;
			files = (
				DC1EC56226971595006B52CC /* MainViewController.storyboard in Resources */,
				DC1EC5392697131C006B52CC /* LaunchScreen.storyboard in Resources */,
				DC1EC5362697131C006B52CC /* Assets.xcassets in Resources */,
				3F6737222697228000E772F2 /* SearchViewController.storyboard in Resources */,
			);
			runOnlyForDeploymentPostprocessing = 0;
		};
/* End PBXResourcesBuildPhase section */

/* Begin PBXSourcesBuildPhase section */
		DC1EC5222697131A006B52CC /* Sources */ = {
			isa = PBXSourcesBuildPhase;
			buildActionMask = 2147483647;
			files = (
				3F6737242697229700E772F2 /* SearchViewController.swift in Sources */,
				DC1EC551269714B2006B52CC /* UICollectionView+Extension.swift in Sources */,
				DC1EC552269714B2006B52CC /* UITableViewCell+Extension.swift in Sources */,
				DC1EC556269714D1006B52CC /* NetworkManager.swift in Sources */,
				DC1EC5342697131A006B52CC /* GroceryStore.xcdatamodeld in Sources */,
				DC1EC55B26971516006B52CC /* BaseViewController.swift in Sources */,
				DC1EC54A2697148C006B52CC /* CoordinatorProtocol.swift in Sources */,
				DC1EC54C2697148C006B52CC /* CoordinatorDelegate.swift in Sources */,
				DC1EC5492697148C006B52CC /* Storyboarded.swift in Sources */,
				DC1EC55F26971553006B52CC /* MainViewController.swift in Sources */,
				DC1EC52A2697131A006B52CC /* AppDelegate.swift in Sources */,
				DC1EC52C2697131A006B52CC /* SceneDelegate.swift in Sources */,
				DC1EC54B2697148C006B52CC /* AppCoordinator.swift in Sources */,
				DC1EC553269714B2006B52CC /* UICollectionViewCell+Extension.swift in Sources */,
				DC1EC554269714B2006B52CC /* UITableView+Extension.swift in Sources */,
			);
			runOnlyForDeploymentPostprocessing = 0;
		};
/* End PBXSourcesBuildPhase section */

/* Begin PBXVariantGroup section */
		DC1EC5372697131C006B52CC /* LaunchScreen.storyboard */ = {
			isa = PBXVariantGroup;
			children = (
				DC1EC5382697131C006B52CC /* Base */,
			);
			name = LaunchScreen.storyboard;
			sourceTree = "<group>";
		};
/* End PBXVariantGroup section */

/* Begin XCBuildConfiguration section */
		DC1EC53B2697131C006B52CC /* Debug */ = {
			isa = XCBuildConfiguration;
			buildSettings = {
				ALWAYS_SEARCH_USER_PATHS = NO;
				CLANG_ANALYZER_NONNULL = YES;
				CLANG_ANALYZER_NUMBER_OBJECT_CONVERSION = YES_AGGRESSIVE;
				CLANG_CXX_LANGUAGE_STANDARD = "gnu++14";
				CLANG_CXX_LIBRARY = "libc++";
				CLANG_ENABLE_MODULES = YES;
				CLANG_ENABLE_OBJC_ARC = YES;
				CLANG_ENABLE_OBJC_WEAK = YES;
				CLANG_WARN_BLOCK_CAPTURE_AUTORELEASING = YES;
				CLANG_WARN_BOOL_CONVERSION = YES;
				CLANG_WARN_COMMA = YES;
				CLANG_WARN_CONSTANT_CONVERSION = YES;
				CLANG_WARN_DEPRECATED_OBJC_IMPLEMENTATIONS = YES;
				CLANG_WARN_DIRECT_OBJC_ISA_USAGE = YES_ERROR;
				CLANG_WARN_DOCUMENTATION_COMMENTS = YES;
				CLANG_WARN_EMPTY_BODY = YES;
				CLANG_WARN_ENUM_CONVERSION = YES;
				CLANG_WARN_INFINITE_RECURSION = YES;
				CLANG_WARN_INT_CONVERSION = YES;
				CLANG_WARN_NON_LITERAL_NULL_CONVERSION = YES;
				CLANG_WARN_OBJC_IMPLICIT_RETAIN_SELF = YES;
				CLANG_WARN_OBJC_LITERAL_CONVERSION = YES;
				CLANG_WARN_OBJC_ROOT_CLASS = YES_ERROR;
				CLANG_WARN_QUOTED_INCLUDE_IN_FRAMEWORK_HEADER = YES;
				CLANG_WARN_RANGE_LOOP_ANALYSIS = YES;
				CLANG_WARN_STRICT_PROTOTYPES = YES;
				CLANG_WARN_SUSPICIOUS_MOVE = YES;
				CLANG_WARN_UNGUARDED_AVAILABILITY = YES_AGGRESSIVE;
				CLANG_WARN_UNREACHABLE_CODE = YES;
				CLANG_WARN__DUPLICATE_METHOD_MATCH = YES;
				COPY_PHASE_STRIP = NO;
				DEBUG_INFORMATION_FORMAT = dwarf;
				ENABLE_STRICT_OBJC_MSGSEND = YES;
				ENABLE_TESTABILITY = YES;
				GCC_C_LANGUAGE_STANDARD = gnu11;
				GCC_DYNAMIC_NO_PIC = NO;
				GCC_NO_COMMON_BLOCKS = YES;
				GCC_OPTIMIZATION_LEVEL = 0;
				GCC_PREPROCESSOR_DEFINITIONS = (
					"DEBUG=1",
					"$(inherited)",
				);
				GCC_WARN_64_TO_32_BIT_CONVERSION = YES;
				GCC_WARN_ABOUT_RETURN_TYPE = YES_ERROR;
				GCC_WARN_UNDECLARED_SELECTOR = YES;
				GCC_WARN_UNINITIALIZED_AUTOS = YES_AGGRESSIVE;
				GCC_WARN_UNUSED_FUNCTION = YES;
				GCC_WARN_UNUSED_VARIABLE = YES;
				IPHONEOS_DEPLOYMENT_TARGET = 14.5;
				MTL_ENABLE_DEBUG_INFO = INCLUDE_SOURCE;
				MTL_FAST_MATH = YES;
				ONLY_ACTIVE_ARCH = YES;
				SDKROOT = iphoneos;
				SWIFT_ACTIVE_COMPILATION_CONDITIONS = DEBUG;
				SWIFT_OPTIMIZATION_LEVEL = "-Onone";
			};
			name = Debug;
		};
		DC1EC53C2697131C006B52CC /* Release */ = {
			isa = XCBuildConfiguration;
			buildSettings = {
				ALWAYS_SEARCH_USER_PATHS = NO;
				CLANG_ANALYZER_NONNULL = YES;
				CLANG_ANALYZER_NUMBER_OBJECT_CONVERSION = YES_AGGRESSIVE;
				CLANG_CXX_LANGUAGE_STANDARD = "gnu++14";
				CLANG_CXX_LIBRARY = "libc++";
				CLANG_ENABLE_MODULES = YES;
				CLANG_ENABLE_OBJC_ARC = YES;
				CLANG_ENABLE_OBJC_WEAK = YES;
				CLANG_WARN_BLOCK_CAPTURE_AUTORELEASING = YES;
				CLANG_WARN_BOOL_CONVERSION = YES;
				CLANG_WARN_COMMA = YES;
				CLANG_WARN_CONSTANT_CONVERSION = YES;
				CLANG_WARN_DEPRECATED_OBJC_IMPLEMENTATIONS = YES;
				CLANG_WARN_DIRECT_OBJC_ISA_USAGE = YES_ERROR;
				CLANG_WARN_DOCUMENTATION_COMMENTS = YES;
				CLANG_WARN_EMPTY_BODY = YES;
				CLANG_WARN_ENUM_CONVERSION = YES;
				CLANG_WARN_INFINITE_RECURSION = YES;
				CLANG_WARN_INT_CONVERSION = YES;
				CLANG_WARN_NON_LITERAL_NULL_CONVERSION = YES;
				CLANG_WARN_OBJC_IMPLICIT_RETAIN_SELF = YES;
				CLANG_WARN_OBJC_LITERAL_CONVERSION = YES;
				CLANG_WARN_OBJC_ROOT_CLASS = YES_ERROR;
				CLANG_WARN_QUOTED_INCLUDE_IN_FRAMEWORK_HEADER = YES;
				CLANG_WARN_RANGE_LOOP_ANALYSIS = YES;
				CLANG_WARN_STRICT_PROTOTYPES = YES;
				CLANG_WARN_SUSPICIOUS_MOVE = YES;
				CLANG_WARN_UNGUARDED_AVAILABILITY = YES_AGGRESSIVE;
				CLANG_WARN_UNREACHABLE_CODE = YES;
				CLANG_WARN__DUPLICATE_METHOD_MATCH = YES;
				COPY_PHASE_STRIP = NO;
				DEBUG_INFORMATION_FORMAT = "dwarf-with-dsym";
				ENABLE_NS_ASSERTIONS = NO;
				ENABLE_STRICT_OBJC_MSGSEND = YES;
				GCC_C_LANGUAGE_STANDARD = gnu11;
				GCC_NO_COMMON_BLOCKS = YES;
				GCC_WARN_64_TO_32_BIT_CONVERSION = YES;
				GCC_WARN_ABOUT_RETURN_TYPE = YES_ERROR;
				GCC_WARN_UNDECLARED_SELECTOR = YES;
				GCC_WARN_UNINITIALIZED_AUTOS = YES_AGGRESSIVE;
				GCC_WARN_UNUSED_FUNCTION = YES;
				GCC_WARN_UNUSED_VARIABLE = YES;
				IPHONEOS_DEPLOYMENT_TARGET = 14.5;
				MTL_ENABLE_DEBUG_INFO = NO;
				MTL_FAST_MATH = YES;
				SDKROOT = iphoneos;
				SWIFT_COMPILATION_MODE = wholemodule;
				SWIFT_OPTIMIZATION_LEVEL = "-O";
				VALIDATE_PRODUCT = YES;
			};
			name = Release;
		};
		DC1EC53E2697131C006B52CC /* Debug */ = {
			isa = XCBuildConfiguration;
			buildSettings = {
				ASSETCATALOG_COMPILER_APPICON_NAME = AppIcon;
				ASSETCATALOG_COMPILER_GLOBAL_ACCENT_COLOR_NAME = AccentColor;
				CODE_SIGN_STYLE = Automatic;
				DEVELOPMENT_TEAM = WS2A29MDFR;
				INFOPLIST_FILE = "GroceryStore/Supporting Files/Info.plist";
				LD_RUNPATH_SEARCH_PATHS = (
					"$(inherited)",
					"@executable_path/Frameworks",
				);
				PRODUCT_BUNDLE_IDENTIFIER = com.beqa.GroceryStore;
				PRODUCT_NAME = "$(TARGET_NAME)";
				SWIFT_VERSION = 5.0;
				TARGETED_DEVICE_FAMILY = "1,2";
			};
			name = Debug;
		};
		DC1EC53F2697131C006B52CC /* Release */ = {
			isa = XCBuildConfiguration;
			buildSettings = {
				ASSETCATALOG_COMPILER_APPICON_NAME = AppIcon;
				ASSETCATALOG_COMPILER_GLOBAL_ACCENT_COLOR_NAME = AccentColor;
				CODE_SIGN_STYLE = Automatic;
				DEVELOPMENT_TEAM = WS2A29MDFR;
				INFOPLIST_FILE = "GroceryStore/Supporting Files/Info.plist";
				LD_RUNPATH_SEARCH_PATHS = (
					"$(inherited)",
					"@executable_path/Frameworks",
				);
				PRODUCT_BUNDLE_IDENTIFIER = com.beqa.GroceryStore;
				PRODUCT_NAME = "$(TARGET_NAME)";
				SWIFT_VERSION = 5.0;
				TARGETED_DEVICE_FAMILY = "1,2";
			};
			name = Release;
		};
/* End XCBuildConfiguration section */

/* Begin XCConfigurationList section */
		DC1EC5212697131A006B52CC /* Build configuration list for PBXProject "GroceryStore" */ = {
			isa = XCConfigurationList;
			buildConfigurations = (
				DC1EC53B2697131C006B52CC /* Debug */,
				DC1EC53C2697131C006B52CC /* Release */,
			);
			defaultConfigurationIsVisible = 0;
			defaultConfigurationName = Release;
		};
		DC1EC53D2697131C006B52CC /* Build configuration list for PBXNativeTarget "GroceryStore" */ = {
			isa = XCConfigurationList;
			buildConfigurations = (
				DC1EC53E2697131C006B52CC /* Debug */,
				DC1EC53F2697131C006B52CC /* Release */,
			);
			defaultConfigurationIsVisible = 0;
			defaultConfigurationName = Release;
		};
/* End XCConfigurationList section */

/* Begin XCVersionGroup section */
		DC1EC5322697131A006B52CC /* GroceryStore.xcdatamodeld */ = {
			isa = XCVersionGroup;
			children = (
				DC1EC5332697131A006B52CC /* GroceryStore.xcdatamodel */,
			);
			currentVersion = DC1EC5332697131A006B52CC /* GroceryStore.xcdatamodel */;
			path = GroceryStore.xcdatamodeld;
			sourceTree = "<group>";
			versionGroupType = wrapper.xcdatamodel;
		};
/* End XCVersionGroup section */
	};
	rootObject = DC1EC51E2697131A006B52CC /* Project object */;
}
